// !$*UTF8*$!
{
	archiveVersion = 1;
	classes = {
	};
	objectVersion = 46;
	objects = {

/* Begin PBXBuildFile section */
		2E097D531DD647700050E671 /* AppDelegate.swift in Sources */ = {isa = PBXBuildFile; fileRef = 2E097D521DD647700050E671 /* AppDelegate.swift */; };
		2E097D551DD647700050E671 /* ViewController.swift in Sources */ = {isa = PBXBuildFile; fileRef = 2E097D541DD647700050E671 /* ViewController.swift */; };
		2E097D581DD647700050E671 /* Main.storyboard in Resources */ = {isa = PBXBuildFile; fileRef = 2E097D561DD647700050E671 /* Main.storyboard */; };
		2E097D5A1DD647700050E671 /* Assets.xcassets in Resources */ = {isa = PBXBuildFile; fileRef = 2E097D591DD647700050E671 /* Assets.xcassets */; };
		2E097D5D1DD647700050E671 /* LaunchScreen.storyboard in Resources */ = {isa = PBXBuildFile; fileRef = 2E097D5B1DD647700050E671 /* LaunchScreen.storyboard */; };
		2E39ABA41DD64CA7003C79A1 /* SettingsController.swift in Sources */ = {isa = PBXBuildFile; fileRef = 2E39ABA31DD64CA7003C79A1 /* SettingsController.swift */; };
/* End PBXBuildFile section */

/* Begin PBXFileReference section */
		2E097D4F1DD647700050E671 /* PeWoSa.app */ = {isa = PBXFileReference; explicitFileType = wrapper.application; includeInIndex = 0; path = PeWoSa.app; sourceTree = BUILT_PRODUCTS_DIR; };
		2E097D521DD647700050E671 /* AppDelegate.swift */ = {isa = PBXFileReference; lastKnownFileType = sourcecode.swift; path = AppDelegate.swift; sourceTree = "<group>"; };
		2E097D541DD647700050E671 /* ViewController.swift */ = {isa = PBXFileReference; lastKnownFileType = sourcecode.swift; path = ViewController.swift; sourceTree = "<group>"; };
		2E097D571DD647700050E671 /* Base */ = {isa = PBXFileReference; lastKnownFileType = file.storyboard; name = Base; path = Base.lproj/Main.storyboard; sourceTree = "<group>"; };
		2E097D591DD647700050E671 /* Assets.xcassets */ = {isa = PBXFileReference; lastKnownFileType = folder.assetcatalog; path = Assets.xcassets; sourceTree = "<group>"; };
		2E097D5C1DD647700050E671 /* Base */ = {isa = PBXFileReference; lastKnownFileType = file.storyboard; name = Base; path = Base.lproj/LaunchScreen.storyboard; sourceTree = "<group>"; };
		2E097D5E1DD647700050E671 /* Info.plist */ = {isa = PBXFileReference; lastKnownFileType = text.plist.xml; path = Info.plist; sourceTree = "<group>"; };
		2E39ABA31DD64CA7003C79A1 /* SettingsController.swift */ = {isa = PBXFileReference; fileEncoding = 4; lastKnownFileType = sourcecode.swift; path = SettingsController.swift; sourceTree = "<group>"; };
/* End PBXFileReference section */

/* Begin PBXFrameworksBuildPhase section */
		2E097D4C1DD647700050E671 /* Frameworks */ = {
			isa = PBXFrameworksBuildPhase;
			buildActionMask = 2147483647;
			files = (
			);
			runOnlyForDeploymentPostprocessing = 0;
		};
/* End PBXFrameworksBuildPhase section */

/* Begin PBXGroup section */
		2E097D461DD647700050E671 = {
			isa = PBXGroup;
			children = (
				2E097D511DD647700050E671 /* PeWoSa */,
				2E097D501DD647700050E671 /* Products */,
			);
			sourceTree = "<group>";
		};
		2E097D501DD647700050E671 /* Products */ = {
			isa = PBXGroup;
			children = (
				2E097D4F1DD647700050E671 /* PeWoSa.app */,
			);
			name = Products;
			sourceTree = "<group>";
		};
		2E097D511DD647700050E671 /* PeWoSa */ = {
			isa = PBXGroup;
			children = (
				2E097D521DD647700050E671 /* AppDelegate.swift */,
				2E097D541DD647700050E671 /* ViewController.swift */,
				2E39ABA31DD64CA7003C79A1 /* SettingsController.swift */,
				2E097D561DD647700050E671 /* Main.storyboard */,
				2E097D591DD647700050E671 /* Assets.xcassets */,
				2E097D5B1DD647700050E671 /* LaunchScreen.storyboard */,
				2E097D5E1DD647700050E671 /* Info.plist */,
			);
			path = PeWoSa;
			sourceTree = "<group>";
		};
/* End PBXGroup section */

/* Begin PBXNativeTarget section */
		2E097D4E1DD647700050E671 /* PeWoSa */ = {
			isa = PBXNativeTarget;
			buildConfigurationList = 2E097D611DD647700050E671 /* Build configuration list for PBXNativeTarget "PeWoSa" */;
			buildPhases = (
				2E097D4B1DD647700050E671 /* Sources */,
				2E097D4C1DD647700050E671 /* Frameworks */,
				2E097D4D1DD647700050E671 /* Resources */,
			);
			buildRules = (
			);
			dependencies = (
			);
			name = PeWoSa;
			productName = PeWoSa;
			productReference = 2E097D4F1DD647700050E671 /* PeWoSa.app */;
			productType = "com.apple.product-type.application";
		};
/* End PBXNativeTarget section */

/* Begin PBXProject section */
		2E097D471DD647700050E671 /* Project object */ = {
			isa = PBXProject;
			attributes = {
				LastSwiftUpdateCheck = 0810;
				LastUpgradeCheck = 0810;
				ORGANIZATIONNAME = Uli;
				TargetAttributes = {
					2E097D4E1DD647700050E671 = {
						CreatedOnToolsVersion = 8.1;
						DevelopmentTeam = 38YU23X62B;
						ProvisioningStyle = Automatic;
					};
				};
			};
			buildConfigurationList = 2E097D4A1DD647700050E671 /* Build configuration list for PBXProject "PeWoSa" */;
			compatibilityVersion = "Xcode 3.2";
			developmentRegion = English;
			hasScannedForEncodings = 0;
			knownRegions = (
				en,
				Base,
			);
			mainGroup = 2E097D461DD647700050E671;
			productRefGroup = 2E097D501DD647700050E671 /* Products */;
			projectDirPath = "";
			projectRoot = "";
			targets = (
				2E097D4E1DD647700050E671 /* PeWoSa */,
			);
		};
/* End PBXProject section */

/* Begin PBXResourcesBuildPhase section */
		2E097D4D1DD647700050E671 /* Resources */ = {
			isa = PBXResourcesBuildPhase;
			buildActionMask = 2147483647;
			files = (
				2E097D5D1DD647700050E671 /* LaunchScreen.storyboard in Resources */,
				2E097D5A1DD647700050E671 /* Assets.xcassets in Resources */,
				2E097D581DD647700050E671 /* Main.storyboard in Resources */,
			);
			runOnlyForDeploymentPostprocessing = 0;
		};
/* End PBXResourcesBuildPhase section */

/* Begin PBXSourcesBuildPhase section */
		2E097D4B1DD647700050E671 /* Sources */ = {
			isa = PBXSourcesBuildPhase;
			buildActionMask = 2147483647;
			files = (
				2E097D551DD647700050E671 /* ViewController.swift in Sources */,
				2E097D531DD647700050E671 /* AppDelegate.swift in Sources */,
				2E39ABA41DD64CA7003C79A1 /* SettingsController.swift in Sources */,
			);
			runOnlyForDeploymentPostprocessing = 0;
		};
/* End PBXSourcesBuildPhase section */

/* Begin PBXVariantGroup section */
		2E097D561DD647700050E671 /* Main.storyboard */ = {
			isa = PBXVariantGroup;
			children = (
				2E097D571DD647700050E671 /* Base */,
			);
			name = Main.storyboard;
			sourceTree = "<group>";
		};
		2E097D5B1DD647700050E671 /* LaunchScreen.storyboard */ = {
			isa = PBXVariantGroup;
			children = (
				2E097D5C1DD647700050E671 /* Base */,
			);
			name = LaunchScreen.storyboard;
			sourceTree = "<group>";
		};
/* End PBXVariantGroup section */

/* Begin XCBuildConfiguration section */
		2E097D5F1DD647700050E671 /* Debug */ = {
			isa = XCBuildConfiguration;
			buildSettings = {
				ALWAYS_SEARCH_USER_PATHS = NO;
				CLANG_ANALYZER_NONNULL = YES;
				CLANG_CXX_LANGUAGE_STANDARD = "gnu++0x";
				CLANG_CXX_LIBRARY = "libc++";
				CLANG_ENABLE_MODULES = YES;
				CLANG_ENABLE_OBJC_ARC = YES;
				CLANG_WARN_BOOL_CONVERSION = YES;
				CLANG_WARN_CONSTANT_CONVERSION = YES;
				CLANG_WARN_DIRECT_OBJC_ISA_USAGE = YES_ERROR;
				CLANG_WARN_DOCUMENTATION_COMMENTS = YES;
				CLANG_WARN_EMPTY_BODY = YES;
				CLANG_WARN_ENUM_CONVERSION = YES;
				CLANG_WARN_INFINITE_RECURSION = YES;
				CLANG_WARN_INT_CONVERSION = YES;
				CLANG_WARN_OBJC_ROOT_CLASS = YES_ERROR;
				CLANG_WARN_SUSPICIOUS_MOVES = YES;
				CLANG_WARN_UNREACHABLE_CODE = YES;
				CLANG_WARN__DUPLICATE_METHOD_MATCH = YES;
				"CODE_SIGN_IDENTITY[sdk=iphoneos*]" = "iPhone Developer";
				COPY_PHASE_STRIP = NO;
				DEBUG_INFORMATION_FORMAT = dwarf;
				ENABLE_STRICT_OBJC_MSGSEND = YES;
				ENABLE_TESTABILITY = YES;
				GCC_C_LANGUAGE_STANDARD = gnu99;
				GCC_DYNAMIC_NO_PIC = NO;
				GCC_NO_COMMON_BLOCKS = YES;
				GCC_OPTIMIZATION_LEVEL = 0;
				GCC_PREPROCESSOR_DEFINITIONS = (
					"DEBUG=1",
					"$(inherited)",
				);
				GCC_WARN_64_TO_32_BIT_CONVERSION = YES;
				GCC_WARN_ABOUT_RETURN_TYPE = YES_ERROR;
				GCC_WARN_UNDECLARED_SELECTOR = YES;
				GCC_WARN_UNINITIALIZED_AUTOS = YES_AGGRESSIVE;
				GCC_WARN_UNUSED_FUNCTION = YES;
				GCC_WARN_UNUSED_VARIABLE = YES;
				IPHONEOS_DEPLOYMENT_TARGET = 10.1;
				MTL_ENABLE_DEBUG_INFO = YES;
				ONLY_ACTIVE_ARCH = YES;
				SDKROOT = iphoneos;
				SWIFT_ACTIVE_COMPILATION_CONDITIONS = DEBUG;
				SWIFT_OPTIMIZATION_LEVEL = "-Onone";
				TARGETED_DEVICE_FAMILY = "1,2";
			};
			name = Debug;
		};
		2E097D601DD647700050E671 /* Release */ = {
			isa = XCBuildConfiguration;
			buildSettings = {
				ALWAYS_SEARCH_USER_PATHS = NO;
				CLANG_ANALYZER_NONNULL = YES;
				CLANG_CXX_LANGUAGE_STANDARD = "gnu++0x";
				CLANG_CXX_LIBRARY = "libc++";
				CLANG_ENABLE_MODULES = YES;
				CLANG_ENABLE_OBJC_ARC = YES;
				CLANG_WARN_BOOL_CONVERSION = YES;
				CLANG_WARN_CONSTANT_CONVERSION = YES;
				CLANG_WARN_DIRECT_OBJC_ISA_USAGE = YES_ERROR;
				CLANG_WARN_DOCUMENTATION_COMMENTS = YES;
				CLANG_WARN_EMPTY_BODY = YES;
				CLANG_WARN_ENUM_CONVERSION = YES;
				CLANG_WARN_INFINITE_RECURSION = YES;
				CLANG_WARN_INT_CONVERSION = YES;
				CLANG_WARN_OBJC_ROOT_CLASS = YES_ERROR;
				CLANG_WARN_SUSPICIOUS_MOVES = YES;
				CLANG_WARN_UNREACHABLE_CODE = YES;
				CLANG_WARN__DUPLICATE_METHOD_MATCH = YES;
				"CODE_SIGN_IDENTITY[sdk=iphoneos*]" = "iPhone Developer";
				COPY_PHASE_STRIP = NO;
				DEBUG_INFORMATION_FORMAT = "dwarf-with-dsym";
				ENABLE_NS_ASSERTIONS = NO;
				ENABLE_STRICT_OBJC_MSGSEND = YES;
				GCC_C_LANGUAGE_STANDARD = gnu99;
				GCC_NO_COMMON_BLOCKS = YES;
				GCC_WARN_64_TO_32_BIT_CONVERSION = YES;
				GCC_WARN_ABOUT_RETURN_TYPE = YES_ERROR;
				GCC_WARN_UNDECLARED_SELECTOR = YES;
				GCC_WARN_UNINITIALIZED_AUTOS = YES_AGGRESSIVE;
				GCC_WARN_UNUSED_FUNCTION = YES;
				GCC_WARN_UNUSED_VARIABLE = YES;
				IPHONEOS_DEPLOYMENT_TARGET = 10.1;
				MTL_ENABLE_DEBUG_INFO = NO;
				SDKROOT = iphoneos;
				SWIFT_OPTIMIZATION_LEVEL = "-Owholemodule";
				TARGETED_DEVICE_FAMILY = "1,2";
				VALIDATE_PRODUCT = YES;
			};
			name = Release;
		};
		2E097D621DD647700050E671 /* Debug */ = {
			isa = XCBuildConfiguration;
			buildSettings = {
				ASSETCATALOG_COMPILER_APPICON_NAME = AppIcon;
				ASSETCATALOG_COMPILER_LAUNCHIMAGE_NAME = LaunchImage;
				DEVELOPMENT_TEAM = 38YU23X62B;
				INFOPLIST_FILE = PeWoSa/Info.plist;
				LD_RUNPATH_SEARCH_PATHS = "$(inherited) @executable_path/Frameworks";
				PRODUCT_BUNDLE_IDENTIFIER = de.ulikoenig.PeWoSa;
				PRODUCT_NAME = "$(TARGET_NAME)";
				SWIFT_VERSION = 3.0;
			};
			name = Debug;
		};
		2E097D631DD647700050E671 /* Release */ = {
			isa = XCBuildConfiguration;
			buildSettings = {
				ASSETCATALOG_COMPILER_APPICON_NAME = AppIcon;
				ASSETCATALOG_COMPILER_LAUNCHIMAGE_NAME = LaunchImage;
				DEVELOPMENT_TEAM = 38YU23X62B;
				INFOPLIST_FILE = PeWoSa/Info.plist;
				LD_RUNPATH_SEARCH_PATHS = "$(inherited) @executable_path/Frameworks";
				PRODUCT_BUNDLE_IDENTIFIER = de.ulikoenig.PeWoSa;
				PRODUCT_NAME = "$(TARGET_NAME)";
				SWIFT_VERSION = 3.0;
			};
			name = Release;
		};
/* End XCBuildConfiguration section */

/* Begin XCConfigurationList section */
		2E097D4A1DD647700050E671 /* Build configuration list for PBXProject "PeWoSa" */ = {
			isa = XCConfigurationList;
			buildConfigurations = (
				2E097D5F1DD647700050E671 /* Debug */,
				2E097D601DD647700050E671 /* Release */,
			);
			defaultConfigurationIsVisible = 0;
			defaultConfigurationName = Release;
		};
		2E097D611DD647700050E671 /* Build configuration list for PBXNativeTarget "PeWoSa" */ = {
			isa = XCConfigurationList;
			buildConfigurations = (
				2E097D621DD647700050E671 /* Debug */,
				2E097D631DD647700050E671 /* Release */,
			);
			defaultConfigurationIsVisible = 0;
			defaultConfigurationName = Release;
		};
/* End XCConfigurationList section */
	};
	rootObject = 2E097D471DD647700050E671 /* Project object */;
}
